// !$*UTF8*$!
{
	archiveVersion = 1;
	classes = {
	};
	objectVersion = 55;
	objects = {

/* Begin PBXBuildFile section */
		8E038A2F27E7550100505684 /* ChecklistApp.swift in Sources */ = {isa = PBXBuildFile; fileRef = 8E038A2E27E7550100505684 /* ChecklistApp.swift */; };
		8E038A3127E7550100505684 /* ContentView.swift in Sources */ = {isa = PBXBuildFile; fileRef = 8E038A3027E7550100505684 /* ContentView.swift */; };
		8E038A3327E7550400505684 /* Assets.xcassets in Resources */ = {isa = PBXBuildFile; fileRef = 8E038A3227E7550400505684 /* Assets.xcassets */; };
		8E038A3627E7550400505684 /* Preview Assets.xcassets in Resources */ = {isa = PBXBuildFile; fileRef = 8E038A3527E7550400505684 /* Preview Assets.xcassets */; };
		8E038A4027E7550400505684 /* ChecklistTests.swift in Sources */ = {isa = PBXBuildFile; fileRef = 8E038A3F27E7550400505684 /* ChecklistTests.swift */; };
		8E038A4A27E7550400505684 /* ChecklistUITests.swift in Sources */ = {isa = PBXBuildFile; fileRef = 8E038A4927E7550400505684 /* ChecklistUITests.swift */; };
		8E038A4C27E7550400505684 /* ChecklistUITestsLaunchTests.swift in Sources */ = {isa = PBXBuildFile; fileRef = 8E038A4B27E7550400505684 /* ChecklistUITestsLaunchTests.swift */; };
		8E038A5E27EF374B00505684 /* Item.swift in Sources */ = {isa = PBXBuildFile; fileRef = 8E038A5D27EF374B00505684 /* Item.swift */; };
		8E038A6027EF382D00505684 /* ItemViewModel.swift in Sources */ = {isa = PBXBuildFile; fileRef = 8E038A5F27EF382D00505684 /* ItemViewModel.swift */; };
		8EC03000280193FE00B94B8A /* ItemDetailView.swift in Sources */ = {isa = PBXBuildFile; fileRef = 8EC02FFF280193FE00B94B8A /* ItemDetailView.swift */; };
		8EC030022801964A00B94B8A /* ItemListMasterView.swift in Sources */ = {isa = PBXBuildFile; fileRef = 8EC030012801964A00B94B8A /* ItemListMasterView.swift */; };
		8EC030042801995700B94B8A /* ItemListViewModel.swift in Sources */ = {isa = PBXBuildFile; fileRef = 8EC030032801995700B94B8A /* ItemListViewModel.swift */; };
/* End PBXBuildFile section */

/* Begin PBXContainerItemProxy section */
		8E038A3C27E7550400505684 /* PBXContainerItemProxy */ = {
			isa = PBXContainerItemProxy;
			containerPortal = 8E038A2327E7550100505684 /* Project object */;
			proxyType = 1;
			remoteGlobalIDString = 8E038A2A27E7550100505684;
			remoteInfo = Checklist;
		};
		8E038A4627E7550400505684 /* PBXContainerItemProxy */ = {
			isa = PBXContainerItemProxy;
			containerPortal = 8E038A2327E7550100505684 /* Project object */;
			proxyType = 1;
			remoteGlobalIDString = 8E038A2A27E7550100505684;
			remoteInfo = Checklist;
		};
/* End PBXContainerItemProxy section */

/* Begin PBXFileReference section */
		8E038A2B27E7550100505684 /* Checklist.app */ = {isa = PBXFileReference; explicitFileType = wrapper.application; includeInIndex = 0; path = Checklist.app; sourceTree = BUILT_PRODUCTS_DIR; };
		8E038A2E27E7550100505684 /* ChecklistApp.swift */ = {isa = PBXFileReference; lastKnownFileType = sourcecode.swift; path = ChecklistApp.swift; sourceTree = "<group>"; };
		8E038A3027E7550100505684 /* ContentView.swift */ = {isa = PBXFileReference; lastKnownFileType = sourcecode.swift; path = ContentView.swift; sourceTree = "<group>"; };
		8E038A3227E7550400505684 /* Assets.xcassets */ = {isa = PBXFileReference; lastKnownFileType = folder.assetcatalog; path = Assets.xcassets; sourceTree = "<group>"; };
		8E038A3527E7550400505684 /* Preview Assets.xcassets */ = {isa = PBXFileReference; lastKnownFileType = folder.assetcatalog; path = "Preview Assets.xcassets"; sourceTree = "<group>"; };
		8E038A3B27E7550400505684 /* ChecklistTests.xctest */ = {isa = PBXFileReference; explicitFileType = wrapper.cfbundle; includeInIndex = 0; path = ChecklistTests.xctest; sourceTree = BUILT_PRODUCTS_DIR; };
		8E038A3F27E7550400505684 /* ChecklistTests.swift */ = {isa = PBXFileReference; lastKnownFileType = sourcecode.swift; path = ChecklistTests.swift; sourceTree = "<group>"; };
		8E038A4527E7550400505684 /* ChecklistUITests.xctest */ = {isa = PBXFileReference; explicitFileType = wrapper.cfbundle; includeInIndex = 0; path = ChecklistUITests.xctest; sourceTree = BUILT_PRODUCTS_DIR; };
		8E038A4927E7550400505684 /* ChecklistUITests.swift */ = {isa = PBXFileReference; lastKnownFileType = sourcecode.swift; path = ChecklistUITests.swift; sourceTree = "<group>"; };
		8E038A4B27E7550400505684 /* ChecklistUITestsLaunchTests.swift */ = {isa = PBXFileReference; lastKnownFileType = sourcecode.swift; path = ChecklistUITestsLaunchTests.swift; sourceTree = "<group>"; };
		8E038A5D27EF374B00505684 /* Item.swift */ = {isa = PBXFileReference; lastKnownFileType = sourcecode.swift; path = Item.swift; sourceTree = "<group>"; };
		8E038A5F27EF382D00505684 /* ItemViewModel.swift */ = {isa = PBXFileReference; lastKnownFileType = sourcecode.swift; path = ItemViewModel.swift; sourceTree = "<group>"; };
		8EC02FFF280193FE00B94B8A /* ItemDetailView.swift */ = {isa = PBXFileReference; lastKnownFileType = sourcecode.swift; path = ItemDetailView.swift; sourceTree = "<group>"; };
		8EC030012801964A00B94B8A /* ItemListMasterView.swift */ = {isa = PBXFileReference; lastKnownFileType = sourcecode.swift; path = ItemListMasterView.swift; sourceTree = "<group>"; };
		8EC030032801995700B94B8A /* ItemListViewModel.swift */ = {isa = PBXFileReference; lastKnownFileType = sourcecode.swift; path = ItemListViewModel.swift; sourceTree = "<group>"; };
/* End PBXFileReference section */

/* Begin PBXFrameworksBuildPhase section */
		8E038A2827E7550100505684 /* Frameworks */ = {
			isa = PBXFrameworksBuildPhase;
			buildActionMask = 2147483647;
			files = (
			);
			runOnlyForDeploymentPostprocessing = 0;
		};
		8E038A3827E7550400505684 /* Frameworks */ = {
			isa = PBXFrameworksBuildPhase;
			buildActionMask = 2147483647;
			files = (
			);
			runOnlyForDeploymentPostprocessing = 0;
		};
		8E038A4227E7550400505684 /* Frameworks */ = {
			isa = PBXFrameworksBuildPhase;
			buildActionMask = 2147483647;
			files = (
			);
			runOnlyForDeploymentPostprocessing = 0;
		};
/* End PBXFrameworksBuildPhase section */

/* Begin PBXGroup section */
		8E038A2227E7550100505684 = {
			isa = PBXGroup;
			children = (
				8E038A2D27E7550100505684 /* Checklist */,
				8E038A3E27E7550400505684 /* ChecklistTests */,
				8E038A4827E7550400505684 /* ChecklistUITests */,
				8E038A2C27E7550100505684 /* Products */,
			);
			sourceTree = "<group>";
		};
		8E038A2C27E7550100505684 /* Products */ = {
			isa = PBXGroup;
			children = (
				8E038A2B27E7550100505684 /* Checklist.app */,
				8E038A3B27E7550400505684 /* ChecklistTests.xctest */,
				8E038A4527E7550400505684 /* ChecklistUITests.xctest */,
			);
			name = Products;
			sourceTree = "<group>";
		};
		8E038A2D27E7550100505684 /* Checklist */ = {
			isa = PBXGroup;
			children = (
				8E038A2E27E7550100505684 /* ChecklistApp.swift */,
				8E038A5C27EF320900505684 /* ViewModel */,
				8E038A5A27EF31ED00505684 /* View */,
				8E038A5827EF281600505684 /* Model */,
				8E038A3227E7550400505684 /* Assets.xcassets */,
				8E038A3427E7550400505684 /* Preview Content */,
			);
			path = Checklist;
			sourceTree = "<group>";
		};
		8E038A3427E7550400505684 /* Preview Content */ = {
			isa = PBXGroup;
			children = (
				8E038A3527E7550400505684 /* Preview Assets.xcassets */,
			);
			path = "Preview Content";
			sourceTree = "<group>";
		};
		8E038A3E27E7550400505684 /* ChecklistTests */ = {
			isa = PBXGroup;
			children = (
				8E038A3F27E7550400505684 /* ChecklistTests.swift */,
			);
			path = ChecklistTests;
			sourceTree = "<group>";
		};
		8E038A4827E7550400505684 /* ChecklistUITests */ = {
			isa = PBXGroup;
			children = (
				8E038A4927E7550400505684 /* ChecklistUITests.swift */,
				8E038A4B27E7550400505684 /* ChecklistUITestsLaunchTests.swift */,
			);
			path = ChecklistUITests;
			sourceTree = "<group>";
		};
		8E038A5827EF281600505684 /* Model */ = {
			isa = PBXGroup;
			children = (
				8E038A5D27EF374B00505684 /* Item.swift */,
			);
			path = Model;
			sourceTree = "<group>";
		};
		8E038A5A27EF31ED00505684 /* View */ = {
			isa = PBXGroup;
			children = (
				8E038A3027E7550100505684 /* ContentView.swift */,
				8EC02FFF280193FE00B94B8A /* ItemDetailView.swift */,
				8EC030012801964A00B94B8A /* ItemListMasterView.swift */,
			);
			path = View;
			sourceTree = "<group>";
		};
		8E038A5C27EF320900505684 /* ViewModel */ = {
			isa = PBXGroup;
			children = (
				8E038A5F27EF382D00505684 /* ItemViewModel.swift */,
				8EC030032801995700B94B8A /* ItemListViewModel.swift */,
			);
			path = ViewModel;
			sourceTree = "<group>";
		};
/* End PBXGroup section */

/* Begin PBXNativeTarget section */
		8E038A2A27E7550100505684 /* Checklist */ = {
			isa = PBXNativeTarget;
			buildConfigurationList = 8E038A4F27E7550400505684 /* Build configuration list for PBXNativeTarget "Checklist" */;
			buildPhases = (
				8E038A2727E7550100505684 /* Sources */,
				8E038A2827E7550100505684 /* Frameworks */,
				8E038A2927E7550100505684 /* Resources */,
			);
			buildRules = (
			);
			dependencies = (
			);
			name = Checklist;
			productName = Checklist;
			productReference = 8E038A2B27E7550100505684 /* Checklist.app */;
			productType = "com.apple.product-type.application";
		};
		8E038A3A27E7550400505684 /* ChecklistTests */ = {
			isa = PBXNativeTarget;
			buildConfigurationList = 8E038A5227E7550400505684 /* Build configuration list for PBXNativeTarget "ChecklistTests" */;
			buildPhases = (
				8E038A3727E7550400505684 /* Sources */,
				8E038A3827E7550400505684 /* Frameworks */,
				8E038A3927E7550400505684 /* Resources */,
			);
			buildRules = (
			);
			dependencies = (
				8E038A3D27E7550400505684 /* PBXTargetDependency */,
			);
			name = ChecklistTests;
			productName = ChecklistTests;
			productReference = 8E038A3B27E7550400505684 /* ChecklistTests.xctest */;
			productType = "com.apple.product-type.bundle.unit-test";
		};
		8E038A4427E7550400505684 /* ChecklistUITests */ = {
			isa = PBXNativeTarget;
			buildConfigurationList = 8E038A5527E7550400505684 /* Build configuration list for PBXNativeTarget "ChecklistUITests" */;
			buildPhases = (
				8E038A4127E7550400505684 /* Sources */,
				8E038A4227E7550400505684 /* Frameworks */,
				8E038A4327E7550400505684 /* Resources */,
			);
			buildRules = (
			);
			dependencies = (
				8E038A4727E7550400505684 /* PBXTargetDependency */,
			);
			name = ChecklistUITests;
			productName = ChecklistUITests;
			productReference = 8E038A4527E7550400505684 /* ChecklistUITests.xctest */;
			productType = "com.apple.product-type.bundle.ui-testing";
		};
/* End PBXNativeTarget section */

/* Begin PBXProject section */
		8E038A2327E7550100505684 /* Project object */ = {
			isa = PBXProject;
			attributes = {
				BuildIndependentTargetsInParallel = 1;
				LastSwiftUpdateCheck = 1330;
				LastUpgradeCheck = 1330;
				TargetAttributes = {
					8E038A2A27E7550100505684 = {
						CreatedOnToolsVersion = 13.3;
					};
					8E038A3A27E7550400505684 = {
						CreatedOnToolsVersion = 13.3;
						TestTargetID = 8E038A2A27E7550100505684;
					};
					8E038A4427E7550400505684 = {
						CreatedOnToolsVersion = 13.3;
						TestTargetID = 8E038A2A27E7550100505684;
					};
				};
			};
			buildConfigurationList = 8E038A2627E7550100505684 /* Build configuration list for PBXProject "Checklist" */;
			compatibilityVersion = "Xcode 13.0";
			developmentRegion = en;
			hasScannedForEncodings = 0;
			knownRegions = (
				en,
				Base,
			);
			mainGroup = 8E038A2227E7550100505684;
			productRefGroup = 8E038A2C27E7550100505684 /* Products */;
			projectDirPath = "";
			projectRoot = "";
			targets = (
				8E038A2A27E7550100505684 /* Checklist */,
				8E038A3A27E7550400505684 /* ChecklistTests */,
				8E038A4427E7550400505684 /* ChecklistUITests */,
			);
		};
/* End PBXProject section */

/* Begin PBXResourcesBuildPhase section */
		8E038A2927E7550100505684 /* Resources */ = {
			isa = PBXResourcesBuildPhase;
			buildActionMask = 2147483647;
			files = (
				8E038A3627E7550400505684 /* Preview Assets.xcassets in Resources */,
				8E038A3327E7550400505684 /* Assets.xcassets in Resources */,
			);
			runOnlyForDeploymentPostprocessing = 0;
		};
		8E038A3927E7550400505684 /* Resources */ = {
			isa = PBXResourcesBuildPhase;
			buildActionMask = 2147483647;
			files = (
			);
			runOnlyForDeploymentPostprocessing = 0;
		};
		8E038A4327E7550400505684 /* Resources */ = {
			isa = PBXResourcesBuildPhase;
			buildActionMask = 2147483647;
			files = (
			);
			runOnlyForDeploymentPostprocessing = 0;
		};
/* End PBXResourcesBuildPhase section */

/* Begin PBXSourcesBuildPhase section */
		8E038A2727E7550100505684 /* Sources */ = {
			isa = PBXSourcesBuildPhase;
			buildActionMask = 2147483647;
			files = (
				8EC03000280193FE00B94B8A /* ItemDetailView.swift in Sources */,
				8E038A3127E7550100505684 /* ContentView.swift in Sources */,
				8EC030042801995700B94B8A /* ItemListViewModel.swift in Sources */,
				8E038A6027EF382D00505684 /* ItemViewModel.swift in Sources */,
				8EC030022801964A00B94B8A /* ItemListMasterView.swift in Sources */,
				8E038A5E27EF374B00505684 /* Item.swift in Sources */,
				8E038A2F27E7550100505684 /* ChecklistApp.swift in Sources */,
			);
			runOnlyForDeploymentPostprocessing = 0;
		};
		8E038A3727E7550400505684 /* Sources */ = {
			isa = PBXSourcesBuildPhase;
			buildActionMask = 2147483647;
			files = (
				8E038A4027E7550400505684 /* ChecklistTests.swift in Sources */,
			);
			runOnlyForDeploymentPostprocessing = 0;
		};
		8E038A4127E7550400505684 /* Sources */ = {
			isa = PBXSourcesBuildPhase;
			buildActionMask = 2147483647;
			files = (
				8E038A4A27E7550400505684 /* ChecklistUITests.swift in Sources */,
				8E038A4C27E7550400505684 /* ChecklistUITestsLaunchTests.swift in Sources */,
			);
			runOnlyForDeploymentPostprocessing = 0;
		};
/* End PBXSourcesBuildPhase section */

/* Begin PBXTargetDependency section */
		8E038A3D27E7550400505684 /* PBXTargetDependency */ = {
			isa = PBXTargetDependency;
			target = 8E038A2A27E7550100505684 /* Checklist */;
			targetProxy = 8E038A3C27E7550400505684 /* PBXContainerItemProxy */;
		};
		8E038A4727E7550400505684 /* PBXTargetDependency */ = {
			isa = PBXTargetDependency;
			target = 8E038A2A27E7550100505684 /* Checklist */;
			targetProxy = 8E038A4627E7550400505684 /* PBXContainerItemProxy */;
		};
/* End PBXTargetDependency section */

/* Begin XCBuildConfiguration section */
		8E038A4D27E7550400505684 /* Debug */ = {
			isa = XCBuildConfiguration;
			buildSettings = {
				ALWAYS_SEARCH_USER_PATHS = NO;
				CLANG_ANALYZER_NONNULL = YES;
				CLANG_ANALYZER_NUMBER_OBJECT_CONVERSION = YES_AGGRESSIVE;
				CLANG_CXX_LANGUAGE_STANDARD = "gnu++17";
				CLANG_ENABLE_MODULES = YES;
				CLANG_ENABLE_OBJC_ARC = YES;
				CLANG_ENABLE_OBJC_WEAK = YES;
				CLANG_WARN_BLOCK_CAPTURE_AUTORELEASING = YES;
				CLANG_WARN_BOOL_CONVERSION = YES;
				CLANG_WARN_COMMA = YES;
				CLANG_WARN_CONSTANT_CONVERSION = YES;
				CLANG_WARN_DEPRECATED_OBJC_IMPLEMENTATIONS = YES;
				CLANG_WARN_DIRECT_OBJC_ISA_USAGE = YES_ERROR;
				CLANG_WARN_DOCUMENTATION_COMMENTS = YES;
				CLANG_WARN_EMPTY_BODY = YES;
				CLANG_WARN_ENUM_CONVERSION = YES;
				CLANG_WARN_INFINITE_RECURSION = YES;
				CLANG_WARN_INT_CONVERSION = YES;
				CLANG_WARN_NON_LITERAL_NULL_CONVERSION = YES;
				CLANG_WARN_OBJC_IMPLICIT_RETAIN_SELF = YES;
				CLANG_WARN_OBJC_LITERAL_CONVERSION = YES;
				CLANG_WARN_OBJC_ROOT_CLASS = YES_ERROR;
				CLANG_WARN_QUOTED_INCLUDE_IN_FRAMEWORK_HEADER = YES;
				CLANG_WARN_RANGE_LOOP_ANALYSIS = YES;
				CLANG_WARN_STRICT_PROTOTYPES = YES;
				CLANG_WARN_SUSPICIOUS_MOVE = YES;
				CLANG_WARN_UNGUARDED_AVAILABILITY = YES_AGGRESSIVE;
				CLANG_WARN_UNREACHABLE_CODE = YES;
				CLANG_WARN__DUPLICATE_METHOD_MATCH = YES;
				COPY_PHASE_STRIP = NO;
				DEBUG_INFORMATION_FORMAT = dwarf;
				ENABLE_STRICT_OBJC_MSGSEND = YES;
				ENABLE_TESTABILITY = YES;
				GCC_C_LANGUAGE_STANDARD = gnu11;
				GCC_DYNAMIC_NO_PIC = NO;
				GCC_NO_COMMON_BLOCKS = YES;
				GCC_OPTIMIZATION_LEVEL = 0;
				GCC_PREPROCESSOR_DEFINITIONS = (
					"DEBUG=1",
					"$(inherited)",
				);
				GCC_WARN_64_TO_32_BIT_CONVERSION = YES;
				GCC_WARN_ABOUT_RETURN_TYPE = YES_ERROR;
				GCC_WARN_UNDECLARED_SELECTOR = YES;
				GCC_WARN_UNINITIALIZED_AUTOS = YES_AGGRESSIVE;
				GCC_WARN_UNUSED_FUNCTION = YES;
				GCC_WARN_UNUSED_VARIABLE = YES;
				IPHONEOS_DEPLOYMENT_TARGET = 15.4;
				MTL_ENABLE_DEBUG_INFO = INCLUDE_SOURCE;
				MTL_FAST_MATH = YES;
				ONLY_ACTIVE_ARCH = YES;
				SDKROOT = iphoneos;
				SWIFT_ACTIVE_COMPILATION_CONDITIONS = DEBUG;
				SWIFT_OPTIMIZATION_LEVEL = "-Onone";
			};
			name = Debug;
		};
		8E038A4E27E7550400505684 /* Release */ = {
			isa = XCBuildConfiguration;
			buildSettings = {
				ALWAYS_SEARCH_USER_PATHS = NO;
				CLANG_ANALYZER_NONNULL = YES;
				CLANG_ANALYZER_NUMBER_OBJECT_CONVERSION = YES_AGGRESSIVE;
				CLANG_CXX_LANGUAGE_STANDARD = "gnu++17";
				CLANG_ENABLE_MODULES = YES;
				CLANG_ENABLE_OBJC_ARC = YES;
				CLANG_ENABLE_OBJC_WEAK = YES;
				CLANG_WARN_BLOCK_CAPTURE_AUTORELEASING = YES;
				CLANG_WARN_BOOL_CONVERSION = YES;
				CLANG_WARN_COMMA = YES;
				CLANG_WARN_CONSTANT_CONVERSION = YES;
				CLANG_WARN_DEPRECATED_OBJC_IMPLEMENTATIONS = YES;
				CLANG_WARN_DIRECT_OBJC_ISA_USAGE = YES_ERROR;
				CLANG_WARN_DOCUMENTATION_COMMENTS = YES;
				CLANG_WARN_EMPTY_BODY = YES;
				CLANG_WARN_ENUM_CONVERSION = YES;
				CLANG_WARN_INFINITE_RECURSION = YES;
				CLANG_WARN_INT_CONVERSION = YES;
				CLANG_WARN_NON_LITERAL_NULL_CONVERSION = YES;
				CLANG_WARN_OBJC_IMPLICIT_RETAIN_SELF = YES;
				CLANG_WARN_OBJC_LITERAL_CONVERSION = YES;
				CLANG_WARN_OBJC_ROOT_CLASS = YES_ERROR;
				CLANG_WARN_QUOTED_INCLUDE_IN_FRAMEWORK_HEADER = YES;
				CLANG_WARN_RANGE_LOOP_ANALYSIS = YES;
				CLANG_WARN_STRICT_PROTOTYPES = YES;
				CLANG_WARN_SUSPICIOUS_MOVE = YES;
				CLANG_WARN_UNGUARDED_AVAILABILITY = YES_AGGRESSIVE;
				CLANG_WARN_UNREACHABLE_CODE = YES;
				CLANG_WARN__DUPLICATE_METHOD_MATCH = YES;
				COPY_PHASE_STRIP = NO;
				DEBUG_INFORMATION_FORMAT = "dwarf-with-dsym";
				ENABLE_NS_ASSERTIONS = NO;
				ENABLE_STRICT_OBJC_MSGSEND = YES;
				GCC_C_LANGUAGE_STANDARD = gnu11;
				GCC_NO_COMMON_BLOCKS = YES;
				GCC_WARN_64_TO_32_BIT_CONVERSION = YES;
				GCC_WARN_ABOUT_RETURN_TYPE = YES_ERROR;
				GCC_WARN_UNDECLARED_SELECTOR = YES;
				GCC_WARN_UNINITIALIZED_AUTOS = YES_AGGRESSIVE;
				GCC_WARN_UNUSED_FUNCTION = YES;
				GCC_WARN_UNUSED_VARIABLE = YES;
				IPHONEOS_DEPLOYMENT_TARGET = 15.4;
				MTL_ENABLE_DEBUG_INFO = NO;
				MTL_FAST_MATH = YES;
				SDKROOT = iphoneos;
				SWIFT_COMPILATION_MODE = wholemodule;
				SWIFT_OPTIMIZATION_LEVEL = "-O";
				VALIDATE_PRODUCT = YES;
			};
			name = Release;
		};
		8E038A5027E7550400505684 /* Debug */ = {
			isa = XCBuildConfiguration;
			buildSettings = {
				ASSETCATALOG_COMPILER_APPICON_NAME = AppIcon;
				ASSETCATALOG_COMPILER_GLOBAL_ACCENT_COLOR_NAME = AccentColor;
				CODE_SIGN_STYLE = Automatic;
				CURRENT_PROJECT_VERSION = 1;
				DEVELOPMENT_ASSET_PATHS = "\"Checklist/Preview Content\"";
				ENABLE_PREVIEWS = YES;
				GENERATE_INFOPLIST_FILE = YES;
				INFOPLIST_KEY_UIApplicationSceneManifest_Generation = YES;
				INFOPLIST_KEY_UIApplicationSupportsIndirectInputEvents = YES;
				INFOPLIST_KEY_UILaunchScreen_Generation = YES;
				INFOPLIST_KEY_UISupportedInterfaceOrientations_iPad = "UIInterfaceOrientationPortrait UIInterfaceOrientationPortraitUpsideDown UIInterfaceOrientationLandscapeLeft UIInterfaceOrientationLandscapeRight";
				INFOPLIST_KEY_UISupportedInterfaceOrientations_iPhone = "UIInterfaceOrientationPortrait UIInterfaceOrientationLandscapeLeft UIInterfaceOrientationLandscapeRight";
				LD_RUNPATH_SEARCH_PATHS = (
					"$(inherited)",
					"@executable_path/Frameworks",
				);
				MARKETING_VERSION = 1.0;
				PRODUCT_BUNDLE_IDENTIFIER = au.edu.griffith.ict.prog.Checklist;
				PRODUCT_NAME = "$(TARGET_NAME)";
				SWIFT_EMIT_LOC_STRINGS = YES;
				SWIFT_VERSION = 5.0;
				TARGETED_DEVICE_FAMILY = "1,2";
			};
			name = Debug;
		};
		8E038A5127E7550400505684 /* Release */ = {
			isa = XCBuildConfiguration;
			buildSettings = {
				ASSETCATALOG_COMPILER_APPICON_NAME = AppIcon;
				ASSETCATALOG_COMPILER_GLOBAL_ACCENT_COLOR_NAME = AccentColor;
				CODE_SIGN_STYLE = Automatic;
				CURRENT_PROJECT_VERSION = 1;
				DEVELOPMENT_ASSET_PATHS = "\"Checklist/Preview Content\"";
				ENABLE_PREVIEWS = YES;
				GENERATE_INFOPLIST_FILE = YES;
				INFOPLIST_KEY_UIApplicationSceneManifest_Generation = YES;
				INFOPLIST_KEY_UIApplicationSupportsIndirectInputEvents = YES;
				INFOPLIST_KEY_UILaunchScreen_Generation = YES;
				INFOPLIST_KEY_UISupportedInterfaceOrientations_iPad = "UIInterfaceOrientationPortrait UIInterfaceOrientationPortraitUpsideDown UIInterfaceOrientationLandscapeLeft UIInterfaceOrientationLandscapeRight";
				INFOPLIST_KEY_UISupportedInterfaceOrientations_iPhone = "UIInterfaceOrientationPortrait UIInterfaceOrientationLandscapeLeft UIInterfaceOrientationLandscapeRight";
				LD_RUNPATH_SEARCH_PATHS = (
					"$(inherited)",
					"@executable_path/Frameworks",
				);
				MARKETING_VERSION = 1.0;
				PRODUCT_BUNDLE_IDENTIFIER = au.edu.griffith.ict.prog.Checklist;
				PRODUCT_NAME = "$(TARGET_NAME)";
				SWIFT_EMIT_LOC_STRINGS = YES;
				SWIFT_VERSION = 5.0;
				TARGETED_DEVICE_FAMILY = "1,2";
			};
			name = Release;
		};
		8E038A5327E7550400505684 /* Debug */ = {
			isa = XCBuildConfiguration;
			buildSettings = {
				ALWAYS_EMBED_SWIFT_STANDARD_LIBRARIES = YES;
				BUNDLE_LOADER = "$(TEST_HOST)";
				CODE_SIGN_STYLE = Automatic;
				CURRENT_PROJECT_VERSION = 1;
				GENERATE_INFOPLIST_FILE = YES;
				IPHONEOS_DEPLOYMENT_TARGET = 15.4;
				MARKETING_VERSION = 1.0;
				PRODUCT_BUNDLE_IDENTIFIER = au.edu.griffith.ict.prog.ChecklistTests;
				PRODUCT_NAME = "$(TARGET_NAME)";
				SWIFT_EMIT_LOC_STRINGS = NO;
				SWIFT_VERSION = 5.0;
				TARGETED_DEVICE_FAMILY = "1,2";
				TEST_HOST = "$(BUILT_PRODUCTS_DIR)/Checklist.app/Checklist";
			};
			name = Debug;
		};
		8E038A5427E7550400505684 /* Release */ = {
			isa = XCBuildConfiguration;
			buildSettings = {
				ALWAYS_EMBED_SWIFT_STANDARD_LIBRARIES = YES;
				BUNDLE_LOADER = "$(TEST_HOST)";
				CODE_SIGN_STYLE = Automatic;
				CURRENT_PROJECT_VERSION = 1;
				GENERATE_INFOPLIST_FILE = YES;
				IPHONEOS_DEPLOYMENT_TARGET = 15.4;
				MARKETING_VERSION = 1.0;
				PRODUCT_BUNDLE_IDENTIFIER = au.edu.griffith.ict.prog.ChecklistTests;
				PRODUCT_NAME = "$(TARGET_NAME)";
				SWIFT_EMIT_LOC_STRINGS = NO;
				SWIFT_VERSION = 5.0;
				TARGETED_DEVICE_FAMILY = "1,2";
				TEST_HOST = "$(BUILT_PRODUCTS_DIR)/Checklist.app/Checklist";
			};
			name = Release;
		};
		8E038A5627E7550400505684 /* Debug */ = {
			isa = XCBuildConfiguration;
			buildSettings = {
				ALWAYS_EMBED_SWIFT_STANDARD_LIBRARIES = YES;
				CODE_SIGN_STYLE = Automatic;
				CURRENT_PROJECT_VERSION = 1;
				GENERATE_INFOPLIST_FILE = YES;
				MARKETING_VERSION = 1.0;
				PRODUCT_BUNDLE_IDENTIFIER = au.edu.griffith.ict.prog.ChecklistUITests;
				PRODUCT_NAME = "$(TARGET_NAME)";
				SWIFT_EMIT_LOC_STRINGS = NO;
				SWIFT_VERSION = 5.0;
				TARGETED_DEVICE_FAMILY = "1,2";
				TEST_TARGET_NAME = Checklist;
			};
			name = Debug;
		};
		8E038A5727E7550400505684 /* Release */ = {
			isa = XCBuildConfiguration;
			buildSettings = {
				ALWAYS_EMBED_SWIFT_STANDARD_LIBRARIES = YES;
				CODE_SIGN_STYLE = Automatic;
				CURRENT_PROJECT_VERSION = 1;
				GENERATE_INFOPLIST_FILE = YES;
				MARKETING_VERSION = 1.0;
				PRODUCT_BUNDLE_IDENTIFIER = au.edu.griffith.ict.prog.ChecklistUITests;
				PRODUCT_NAME = "$(TARGET_NAME)";
				SWIFT_EMIT_LOC_STRINGS = NO;
				SWIFT_VERSION = 5.0;
				TARGETED_DEVICE_FAMILY = "1,2";
				TEST_TARGET_NAME = Checklist;
			};
			name = Release;
		};
/* End XCBuildConfiguration section */

/* Begin XCConfigurationList section */
		8E038A2627E7550100505684 /* Build configuration list for PBXProject "Checklist" */ = {
			isa = XCConfigurationList;
			buildConfigurations = (
				8E038A4D27E7550400505684 /* Debug */,
				8E038A4E27E7550400505684 /* Release */,
			);
			defaultConfigurationIsVisible = 0;
			defaultConfigurationName = Release;
		};
		8E038A4F27E7550400505684 /* Build configuration list for PBXNativeTarget "Checklist" */ = {
			isa = XCConfigurationList;
			buildConfigurations = (
				8E038A5027E7550400505684 /* Debug */,
				8E038A5127E7550400505684 /* Release */,
			);
			defaultConfigurationIsVisible = 0;
			defaultConfigurationName = Release;
		};
		8E038A5227E7550400505684 /* Build configuration list for PBXNativeTarget "ChecklistTests" */ = {
			isa = XCConfigurationList;
			buildConfigurations = (
				8E038A5327E7550400505684 /* Debug */,
				8E038A5427E7550400505684 /* Release */,
			);
			defaultConfigurationIsVisible = 0;
			defaultConfigurationName = Release;
		};
		8E038A5527E7550400505684 /* Build configuration list for PBXNativeTarget "ChecklistUITests" */ = {
			isa = XCConfigurationList;
			buildConfigurations = (
				8E038A5627E7550400505684 /* Debug */,
				8E038A5727E7550400505684 /* Release */,
			);
			defaultConfigurationIsVisible = 0;
			defaultConfigurationName = Release;
		};
/* End XCConfigurationList section */
	};
	rootObject = 8E038A2327E7550100505684 /* Project object */;
}
